
Microsoft Visual Studio Solution File, Format Version 12.00
# Visual Studio Version 16
VisualStudioVersion = 16.0.31205.134
MinimumVisualStudioVersion = 10.0.40219.1
Project("{FAE04EC0-301F-11D3-BF4B-00C04F79EFBC}") = "WCF_OpenFolder", "WCF_OpenFolder\WCF_OpenFolder.csproj", "{10C0388E-D7B4-4A3C-8C7B-6B04E989C9D6}"
EndProject
Global
	GlobalSection(SolutionConfigurationPlatforms) = preSolution
		Debug|Any CPU = Debug|Any CPU
		Release|Any CPU = Release|Any CPU
	EndGlobalSection
	GlobalSection(ProjectConfigurationPlatforms) = postSolution
		{10C0388E-D7B4-4A3C-8C7B-6B04E989C9D6}.Debug|Any CPU.ActiveCfg = Debug|Any CPU
		{10C0388E-D7B4-4A3C-8C7B-6B04E989C9D6}.Debug|Any CPU.Build.0 = Debug|Any CPU
		{10C0388E-D7B4-4A3C-8C7B-6B04E989C9D6}.Release|Any CPU.ActiveCfg = Release|Any CPU
		{10C0388E-D7B4-4A3C-8C7B-6B04E989C9D6}.Release|Any CPU.Build.0 = Release|Any CPU
	EndGlobalSection
	GlobalSection(SolutionProperties) = preSolution
		HideSolutionNode = FALSE
	EndGlobalSection
	GlobalSection(ExtensibilityGlobals) = postSolution
		SolutionGuid = {766D87E3-82D1-4C33-80A9-83F7AC5D8F63}
	EndGlobalSection
EndGlobal
